
Microsoft Visual Studio Solution File, Format Version 12.00
# Visual Studio 15
VisualStudioVersion = 15.0.28010.2046
MinimumVisualStudioVersion = 10.0.40219.1
Project("{8BC9CEB8-8B4A-11D0-8D11-00A0C91BC942}") = "数据结构_002", "数据结构_002\数据结构_002.vcxproj", "{0C79EF19-6AFF-4EB7-87E4-AC4FDCD2572A}"
EndProject
Global
	GlobalSection(SolutionConfigurationPlatforms) = preSolution
		Debug|x64 = Debug|x64
		Debug|x86 = Debug|x86
		Release|x64 = Release|x64
		Release|x86 = Release|x86
	EndGlobalSection
	GlobalSection(ProjectConfigurationPlatforms) = postSolution
		{0C79EF19-6AFF-4EB7-87E4-AC4FDCD2572A}.Debug|x64.ActiveCfg = Debug|x64
		{0C79EF19-6AFF-4EB7-87E4-AC4FDCD2572A}.Debug|x64.Build.0 = Debug|x64
		{0C79EF19-6AFF-4EB7-87E4-AC4FDCD2572A}.Debug|x86.ActiveCfg = Debug|Win32
		{0C79EF19-6AFF-4EB7-87E4-AC4FDCD2572A}.Debug|x86.Build.0 = Debug|Win32
		{0C79EF19-6AFF-4EB7-87E4-AC4FDCD2572A}.Release|x64.ActiveCfg = Release|x64
		{0C79EF19-6AFF-4EB7-87E4-AC4FDCD2572A}.Release|x64.Build.0 = Release|x64
		{0C79EF19-6AFF-4EB7-87E4-AC4FDCD2572A}.Release|x86.ActiveCfg = Release|Win32
		{0C79EF19-6AFF-4EB7-87E4-AC4FDCD2572A}.Release|x86.Build.0 = Release|Win32
	EndGlobalSection
	GlobalSection(SolutionProperties) = preSolution
		HideSolutionNode = FALSE
	EndGlobalSection
	GlobalSection(ExtensibilityGlobals) = postSolution
		SolutionGuid = {8C2B12CF-1651-4DF4-A44A-AD0AD64F6262}
	EndGlobalSection
EndGlobal
